// !$*UTF8*$!
{
	archiveVersion = 1;
	classes = {
	};
	objectVersion = 56;
	objects = {

/* Begin PBXBuildFile section */
		C3CAE64828F7725C00D6907B /* TDDPracticeApp.swift in Sources */ = {isa = PBXBuildFile; fileRef = C3CAE64728F7725C00D6907B /* TDDPracticeApp.swift */; };
		C3CAE64A28F7725C00D6907B /* ContentView.swift in Sources */ = {isa = PBXBuildFile; fileRef = C3CAE64928F7725C00D6907B /* ContentView.swift */; };
		C3CAE64C28F7725F00D6907B /* Assets.xcassets in Resources */ = {isa = PBXBuildFile; fileRef = C3CAE64B28F7725F00D6907B /* Assets.xcassets */; };
		C3CAE64F28F7725F00D6907B /* Preview Assets.xcassets in Resources */ = {isa = PBXBuildFile; fileRef = C3CAE64E28F7725F00D6907B /* Preview Assets.xcassets */; };
		C3CAE65A28F7726000D6907B /* FizzBuzzTests.swift in Sources */ = {isa = PBXBuildFile; fileRef = C3CAE65928F7726000D6907B /* FizzBuzzTests.swift */; };
		C3CAE66428F7726000D6907B /* TDDPracticeUITests.swift in Sources */ = {isa = PBXBuildFile; fileRef = C3CAE66328F7726000D6907B /* TDDPracticeUITests.swift */; };
		C3CAE66628F7726000D6907B /* TDDPracticeUITestsLaunchTests.swift in Sources */ = {isa = PBXBuildFile; fileRef = C3CAE66528F7726000D6907B /* TDDPracticeUITestsLaunchTests.swift */; };
		C3DCCEBA2901A32B00FDB7BE /* GreetingTests.swift in Sources */ = {isa = PBXBuildFile; fileRef = C3DCCEB92901A32B00FDB7BE /* GreetingTests.swift */; };
/* End PBXBuildFile section */

/* Begin PBXContainerItemProxy section */
		C3CAE65628F7726000D6907B /* PBXContainerItemProxy */ = {
			isa = PBXContainerItemProxy;
			containerPortal = C3CAE63C28F7725C00D6907B /* Project object */;
			proxyType = 1;
			remoteGlobalIDString = C3CAE64328F7725C00D6907B;
			remoteInfo = TDDPractice;
		};
		C3CAE66028F7726000D6907B /* PBXContainerItemProxy */ = {
			isa = PBXContainerItemProxy;
			containerPortal = C3CAE63C28F7725C00D6907B /* Project object */;
			proxyType = 1;
			remoteGlobalIDString = C3CAE64328F7725C00D6907B;
			remoteInfo = TDDPractice;
		};
/* End PBXContainerItemProxy section */

/* Begin PBXFileReference section */
		C3CAE64428F7725C00D6907B /* TDDPractice.app */ = {isa = PBXFileReference; explicitFileType = wrapper.application; includeInIndex = 0; path = TDDPractice.app; sourceTree = BUILT_PRODUCTS_DIR; };
		C3CAE64728F7725C00D6907B /* TDDPracticeApp.swift */ = {isa = PBXFileReference; lastKnownFileType = sourcecode.swift; path = TDDPracticeApp.swift; sourceTree = "<group>"; };
		C3CAE64928F7725C00D6907B /* ContentView.swift */ = {isa = PBXFileReference; lastKnownFileType = sourcecode.swift; path = ContentView.swift; sourceTree = "<group>"; };
		C3CAE64B28F7725F00D6907B /* Assets.xcassets */ = {isa = PBXFileReference; lastKnownFileType = folder.assetcatalog; path = Assets.xcassets; sourceTree = "<group>"; };
		C3CAE64E28F7725F00D6907B /* Preview Assets.xcassets */ = {isa = PBXFileReference; lastKnownFileType = folder.assetcatalog; path = "Preview Assets.xcassets"; sourceTree = "<group>"; };
		C3CAE65028F7725F00D6907B /* TDDPractice.entitlements */ = {isa = PBXFileReference; lastKnownFileType = text.plist.entitlements; path = TDDPractice.entitlements; sourceTree = "<group>"; };
		C3CAE65528F7726000D6907B /* TDDPracticeTests.xctest */ = {isa = PBXFileReference; explicitFileType = wrapper.cfbundle; includeInIndex = 0; path = TDDPracticeTests.xctest; sourceTree = BUILT_PRODUCTS_DIR; };
		C3CAE65928F7726000D6907B /* FizzBuzzTests.swift */ = {isa = PBXFileReference; lastKnownFileType = sourcecode.swift; path = FizzBuzzTests.swift; sourceTree = "<group>"; };
		C3CAE65F28F7726000D6907B /* TDDPracticeUITests.xctest */ = {isa = PBXFileReference; explicitFileType = wrapper.cfbundle; includeInIndex = 0; path = TDDPracticeUITests.xctest; sourceTree = BUILT_PRODUCTS_DIR; };
		C3CAE66328F7726000D6907B /* TDDPracticeUITests.swift */ = {isa = PBXFileReference; lastKnownFileType = sourcecode.swift; path = TDDPracticeUITests.swift; sourceTree = "<group>"; };
		C3CAE66528F7726000D6907B /* TDDPracticeUITestsLaunchTests.swift */ = {isa = PBXFileReference; lastKnownFileType = sourcecode.swift; path = TDDPracticeUITestsLaunchTests.swift; sourceTree = "<group>"; };
		C3DCCEB92901A32B00FDB7BE /* GreetingTests.swift */ = {isa = PBXFileReference; lastKnownFileType = sourcecode.swift; path = GreetingTests.swift; sourceTree = "<group>"; };
/* End PBXFileReference section */

/* Begin PBXFrameworksBuildPhase section */
		C3CAE64128F7725C00D6907B /* Frameworks */ = {
			isa = PBXFrameworksBuildPhase;
			buildActionMask = 2147483647;
			files = (
			);
			runOnlyForDeploymentPostprocessing = 0;
		};
		C3CAE65228F7726000D6907B /* Frameworks */ = {
			isa = PBXFrameworksBuildPhase;
			buildActionMask = 2147483647;
			files = (
			);
			runOnlyForDeploymentPostprocessing = 0;
		};
		C3CAE65C28F7726000D6907B /* Frameworks */ = {
			isa = PBXFrameworksBuildPhase;
			buildActionMask = 2147483647;
			files = (
			);
			runOnlyForDeploymentPostprocessing = 0;
		};
/* End PBXFrameworksBuildPhase section */

/* Begin PBXGroup section */
		C3CAE63B28F7725B00D6907B = {
			isa = PBXGroup;
			children = (
				C3CAE64628F7725C00D6907B /* TDDPractice */,
				C3CAE65828F7726000D6907B /* TDDPracticeTests */,
				C3CAE66228F7726000D6907B /* TDDPracticeUITests */,
				C3CAE64528F7725C00D6907B /* Products */,
			);
			sourceTree = "<group>";
		};
		C3CAE64528F7725C00D6907B /* Products */ = {
			isa = PBXGroup;
			children = (
				C3CAE64428F7725C00D6907B /* TDDPractice.app */,
				C3CAE65528F7726000D6907B /* TDDPracticeTests.xctest */,
				C3CAE65F28F7726000D6907B /* TDDPracticeUITests.xctest */,
			);
			name = Products;
			sourceTree = "<group>";
		};
		C3CAE64628F7725C00D6907B /* TDDPractice */ = {
			isa = PBXGroup;
			children = (
				C3CAE64728F7725C00D6907B /* TDDPracticeApp.swift */,
				C3CAE64928F7725C00D6907B /* ContentView.swift */,
				C3CAE64B28F7725F00D6907B /* Assets.xcassets */,
				C3CAE65028F7725F00D6907B /* TDDPractice.entitlements */,
				C3CAE64D28F7725F00D6907B /* Preview Content */,
			);
			path = TDDPractice;
			sourceTree = "<group>";
		};
		C3CAE64D28F7725F00D6907B /* Preview Content */ = {
			isa = PBXGroup;
			children = (
				C3CAE64E28F7725F00D6907B /* Preview Assets.xcassets */,
			);
			path = "Preview Content";
			sourceTree = "<group>";
		};
		C3CAE65828F7726000D6907B /* TDDPracticeTests */ = {
			isa = PBXGroup;
			children = (
				C3CAE65928F7726000D6907B /* FizzBuzzTests.swift */,
				C3DCCEB92901A32B00FDB7BE /* GreetingTests.swift */,
			);
			path = TDDPracticeTests;
			sourceTree = "<group>";
		};
		C3CAE66228F7726000D6907B /* TDDPracticeUITests */ = {
			isa = PBXGroup;
			children = (
				C3CAE66328F7726000D6907B /* TDDPracticeUITests.swift */,
				C3CAE66528F7726000D6907B /* TDDPracticeUITestsLaunchTests.swift */,
			);
			path = TDDPracticeUITests;
			sourceTree = "<group>";
		};
/* End PBXGroup section */

/* Begin PBXNativeTarget section */
		C3CAE64328F7725C00D6907B /* TDDPractice */ = {
			isa = PBXNativeTarget;
			buildConfigurationList = C3CAE66928F7726000D6907B /* Build configuration list for PBXNativeTarget "TDDPractice" */;
			buildPhases = (
				C3CAE64028F7725C00D6907B /* Sources */,
				C3CAE64128F7725C00D6907B /* Frameworks */,
				C3CAE64228F7725C00D6907B /* Resources */,
			);
			buildRules = (
			);
			dependencies = (
			);
			name = TDDPractice;
			productName = TDDPractice;
			productReference = C3CAE64428F7725C00D6907B /* TDDPractice.app */;
			productType = "com.apple.product-type.application";
		};
		C3CAE65428F7726000D6907B /* TDDPracticeTests */ = {
			isa = PBXNativeTarget;
			buildConfigurationList = C3CAE66C28F7726000D6907B /* Build configuration list for PBXNativeTarget "TDDPracticeTests" */;
			buildPhases = (
				C3CAE65128F7726000D6907B /* Sources */,
				C3CAE65228F7726000D6907B /* Frameworks */,
				C3CAE65328F7726000D6907B /* Resources */,
			);
			buildRules = (
			);
			dependencies = (
				C3CAE65728F7726000D6907B /* PBXTargetDependency */,
			);
			name = TDDPracticeTests;
			productName = TDDPracticeTests;
			productReference = C3CAE65528F7726000D6907B /* TDDPracticeTests.xctest */;
			productType = "com.apple.product-type.bundle.unit-test";
		};
		C3CAE65E28F7726000D6907B /* TDDPracticeUITests */ = {
			isa = PBXNativeTarget;
			buildConfigurationList = C3CAE66F28F7726000D6907B /* Build configuration list for PBXNativeTarget "TDDPracticeUITests" */;
			buildPhases = (
				C3CAE65B28F7726000D6907B /* Sources */,
				C3CAE65C28F7726000D6907B /* Frameworks */,
				C3CAE65D28F7726000D6907B /* Resources */,
			);
			buildRules = (
			);
			dependencies = (
				C3CAE66128F7726000D6907B /* PBXTargetDependency */,
			);
			name = TDDPracticeUITests;
			productName = TDDPracticeUITests;
			productReference = C3CAE65F28F7726000D6907B /* TDDPracticeUITests.xctest */;
			productType = "com.apple.product-type.bundle.ui-testing";
		};
/* End PBXNativeTarget section */

/* Begin PBXProject section */
		C3CAE63C28F7725C00D6907B /* Project object */ = {
			isa = PBXProject;
			attributes = {
				BuildIndependentTargetsInParallel = 1;
				LastSwiftUpdateCheck = 1400;
				LastUpgradeCheck = 1400;
				TargetAttributes = {
					C3CAE64328F7725C00D6907B = {
						CreatedOnToolsVersion = 14.0.1;
					};
					C3CAE65428F7726000D6907B = {
						CreatedOnToolsVersion = 14.0.1;
						TestTargetID = C3CAE64328F7725C00D6907B;
					};
					C3CAE65E28F7726000D6907B = {
						CreatedOnToolsVersion = 14.0.1;
						TestTargetID = C3CAE64328F7725C00D6907B;
					};
				};
			};
			buildConfigurationList = C3CAE63F28F7725C00D6907B /* Build configuration list for PBXProject "TDDPractice" */;
			compatibilityVersion = "Xcode 14.0";
			developmentRegion = en;
			hasScannedForEncodings = 0;
			knownRegions = (
				en,
				Base,
			);
			mainGroup = C3CAE63B28F7725B00D6907B;
			productRefGroup = C3CAE64528F7725C00D6907B /* Products */;
			projectDirPath = "";
			projectRoot = "";
			targets = (
				C3CAE64328F7725C00D6907B /* TDDPractice */,
				C3CAE65428F7726000D6907B /* TDDPracticeTests */,
				C3CAE65E28F7726000D6907B /* TDDPracticeUITests */,
			);
		};
/* End PBXProject section */

/* Begin PBXResourcesBuildPhase section */
		C3CAE64228F7725C00D6907B /* Resources */ = {
			isa = PBXResourcesBuildPhase;
			buildActionMask = 2147483647;
			files = (
				C3CAE64F28F7725F00D6907B /* Preview Assets.xcassets in Resources */,
				C3CAE64C28F7725F00D6907B /* Assets.xcassets in Resources */,
			);
			runOnlyForDeploymentPostprocessing = 0;
		};
		C3CAE65328F7726000D6907B /* Resources */ = {
			isa = PBXResourcesBuildPhase;
			buildActionMask = 2147483647;
			files = (
			);
			runOnlyForDeploymentPostprocessing = 0;
		};
		C3CAE65D28F7726000D6907B /* Resources */ = {
			isa = PBXResourcesBuildPhase;
			buildActionMask = 2147483647;
			files = (
			);
			runOnlyForDeploymentPostprocessing = 0;
		};
/* End PBXResourcesBuildPhase section */

/* Begin PBXSourcesBuildPhase section */
		C3CAE64028F7725C00D6907B /* Sources */ = {
			isa = PBXSourcesBuildPhase;
			buildActionMask = 2147483647;
			files = (
				C3CAE64A28F7725C00D6907B /* ContentView.swift in Sources */,
				C3CAE64828F7725C00D6907B /* TDDPracticeApp.swift in Sources */,
			);
			runOnlyForDeploymentPostprocessing = 0;
		};
		C3CAE65128F7726000D6907B /* Sources */ = {
			isa = PBXSourcesBuildPhase;
			buildActionMask = 2147483647;
			files = (
				C3DCCEBA2901A32B00FDB7BE /* GreetingTests.swift in Sources */,
				C3CAE65A28F7726000D6907B /* FizzBuzzTests.swift in Sources */,
			);
			runOnlyForDeploymentPostprocessing = 0;
		};
		C3CAE65B28F7726000D6907B /* Sources */ = {
			isa = PBXSourcesBuildPhase;
			buildActionMask = 2147483647;
			files = (
				C3CAE66628F7726000D6907B /* TDDPracticeUITestsLaunchTests.swift in Sources */,
				C3CAE66428F7726000D6907B /* TDDPracticeUITests.swift in Sources */,
			);
			runOnlyForDeploymentPostprocessing = 0;
		};
/* End PBXSourcesBuildPhase section */

/* Begin PBXTargetDependency section */
		C3CAE65728F7726000D6907B /* PBXTargetDependency */ = {
			isa = PBXTargetDependency;
			target = C3CAE64328F7725C00D6907B /* TDDPractice */;
			targetProxy = C3CAE65628F7726000D6907B /* PBXContainerItemProxy */;
		};
		C3CAE66128F7726000D6907B /* PBXTargetDependency */ = {
			isa = PBXTargetDependency;
			target = C3CAE64328F7725C00D6907B /* TDDPractice */;
			targetProxy = C3CAE66028F7726000D6907B /* PBXContainerItemProxy */;
		};
/* End PBXTargetDependency section */

/* Begin XCBuildConfiguration section */
		C3CAE66728F7726000D6907B /* Debug */ = {
			isa = XCBuildConfiguration;
			buildSettings = {
				ALWAYS_SEARCH_USER_PATHS = NO;
				CLANG_ANALYZER_NONNULL = YES;
				CLANG_ANALYZER_NUMBER_OBJECT_CONVERSION = YES_AGGRESSIVE;
				CLANG_CXX_LANGUAGE_STANDARD = "gnu++20";
				CLANG_ENABLE_MODULES = YES;
				CLANG_ENABLE_OBJC_ARC = YES;
				CLANG_ENABLE_OBJC_WEAK = YES;
				CLANG_WARN_BLOCK_CAPTURE_AUTORELEASING = YES;
				CLANG_WARN_BOOL_CONVERSION = YES;
				CLANG_WARN_COMMA = YES;
				CLANG_WARN_CONSTANT_CONVERSION = YES;
				CLANG_WARN_DEPRECATED_OBJC_IMPLEMENTATIONS = YES;
				CLANG_WARN_DIRECT_OBJC_ISA_USAGE = YES_ERROR;
				CLANG_WARN_DOCUMENTATION_COMMENTS = YES;
				CLANG_WARN_EMPTY_BODY = YES;
				CLANG_WARN_ENUM_CONVERSION = YES;
				CLANG_WARN_INFINITE_RECURSION = YES;
				CLANG_WARN_INT_CONVERSION = YES;
				CLANG_WARN_NON_LITERAL_NULL_CONVERSION = YES;
				CLANG_WARN_OBJC_IMPLICIT_RETAIN_SELF = YES;
				CLANG_WARN_OBJC_LITERAL_CONVERSION = YES;
				CLANG_WARN_OBJC_ROOT_CLASS = YES_ERROR;
				CLANG_WARN_QUOTED_INCLUDE_IN_FRAMEWORK_HEADER = YES;
				CLANG_WARN_RANGE_LOOP_ANALYSIS = YES;
				CLANG_WARN_STRICT_PROTOTYPES = YES;
				CLANG_WARN_SUSPICIOUS_MOVE = YES;
				CLANG_WARN_UNGUARDED_AVAILABILITY = YES_AGGRESSIVE;
				CLANG_WARN_UNREACHABLE_CODE = YES;
				CLANG_WARN__DUPLICATE_METHOD_MATCH = YES;
				COPY_PHASE_STRIP = NO;
				DEBUG_INFORMATION_FORMAT = dwarf;
				ENABLE_STRICT_OBJC_MSGSEND = YES;
				ENABLE_TESTABILITY = YES;
				GCC_C_LANGUAGE_STANDARD = gnu11;
				GCC_DYNAMIC_NO_PIC = NO;
				GCC_NO_COMMON_BLOCKS = YES;
				GCC_OPTIMIZATION_LEVEL = 0;
				GCC_PREPROCESSOR_DEFINITIONS = (
					"DEBUG=1",
					"$(inherited)",
				);
				GCC_WARN_64_TO_32_BIT_CONVERSION = YES;
				GCC_WARN_ABOUT_RETURN_TYPE = YES_ERROR;
				GCC_WARN_UNDECLARED_SELECTOR = YES;
				GCC_WARN_UNINITIALIZED_AUTOS = YES_AGGRESSIVE;
				GCC_WARN_UNUSED_FUNCTION = YES;
				GCC_WARN_UNUSED_VARIABLE = YES;
				MACOSX_DEPLOYMENT_TARGET = 12.3;
				MTL_ENABLE_DEBUG_INFO = INCLUDE_SOURCE;
				MTL_FAST_MATH = YES;
				ONLY_ACTIVE_ARCH = YES;
				SDKROOT = macosx;
				SWIFT_ACTIVE_COMPILATION_CONDITIONS = DEBUG;
				SWIFT_OPTIMIZATION_LEVEL = "-Onone";
			};
			name = Debug;
		};
		C3CAE66828F7726000D6907B /* Release */ = {
			isa = XCBuildConfiguration;
			buildSettings = {
				ALWAYS_SEARCH_USER_PATHS = NO;
				CLANG_ANALYZER_NONNULL = YES;
				CLANG_ANALYZER_NUMBER_OBJECT_CONVERSION = YES_AGGRESSIVE;
				CLANG_CXX_LANGUAGE_STANDARD = "gnu++20";
				CLANG_ENABLE_MODULES = YES;
				CLANG_ENABLE_OBJC_ARC = YES;
				CLANG_ENABLE_OBJC_WEAK = YES;
				CLANG_WARN_BLOCK_CAPTURE_AUTORELEASING = YES;
				CLANG_WARN_BOOL_CONVERSION = YES;
				CLANG_WARN_COMMA = YES;
				CLANG_WARN_CONSTANT_CONVERSION = YES;
				CLANG_WARN_DEPRECATED_OBJC_IMPLEMENTATIONS = YES;
				CLANG_WARN_DIRECT_OBJC_ISA_USAGE = YES_ERROR;
				CLANG_WARN_DOCUMENTATION_COMMENTS = YES;
				CLANG_WARN_EMPTY_BODY = YES;
				CLANG_WARN_ENUM_CONVERSION = YES;
				CLANG_WARN_INFINITE_RECURSION = YES;
				CLANG_WARN_INT_CONVERSION = YES;
				CLANG_WARN_NON_LITERAL_NULL_CONVERSION = YES;
				CLANG_WARN_OBJC_IMPLICIT_RETAIN_SELF = YES;
				CLANG_WARN_OBJC_LITERAL_CONVERSION = YES;
				CLANG_WARN_OBJC_ROOT_CLASS = YES_ERROR;
				CLANG_WARN_QUOTED_INCLUDE_IN_FRAMEWORK_HEADER = YES;
				CLANG_WARN_RANGE_LOOP_ANALYSIS = YES;
				CLANG_WARN_STRICT_PROTOTYPES = YES;
				CLANG_WARN_SUSPICIOUS_MOVE = YES;
				CLANG_WARN_UNGUARDED_AVAILABILITY = YES_AGGRESSIVE;
				CLANG_WARN_UNREACHABLE_CODE = YES;
				CLANG_WARN__DUPLICATE_METHOD_MATCH = YES;
				COPY_PHASE_STRIP = NO;
				DEBUG_INFORMATION_FORMAT = "dwarf-with-dsym";
				ENABLE_NS_ASSERTIONS = NO;
				ENABLE_STRICT_OBJC_MSGSEND = YES;
				GCC_C_LANGUAGE_STANDARD = gnu11;
				GCC_NO_COMMON_BLOCKS = YES;
				GCC_WARN_64_TO_32_BIT_CONVERSION = YES;
				GCC_WARN_ABOUT_RETURN_TYPE = YES_ERROR;
				GCC_WARN_UNDECLARED_SELECTOR = YES;
				GCC_WARN_UNINITIALIZED_AUTOS = YES_AGGRESSIVE;
				GCC_WARN_UNUSED_FUNCTION = YES;
				GCC_WARN_UNUSED_VARIABLE = YES;
				MACOSX_DEPLOYMENT_TARGET = 12.3;
				MTL_ENABLE_DEBUG_INFO = NO;
				MTL_FAST_MATH = YES;
				SDKROOT = macosx;
				SWIFT_COMPILATION_MODE = wholemodule;
				SWIFT_OPTIMIZATION_LEVEL = "-O";
			};
			name = Release;
		};
		C3CAE66A28F7726000D6907B /* Debug */ = {
			isa = XCBuildConfiguration;
			buildSettings = {
				ASSETCATALOG_COMPILER_APPICON_NAME = AppIcon;
				ASSETCATALOG_COMPILER_GLOBAL_ACCENT_COLOR_NAME = AccentColor;
				CODE_SIGN_ENTITLEMENTS = TDDPractice/TDDPractice.entitlements;
				CODE_SIGN_STYLE = Automatic;
				COMBINE_HIDPI_IMAGES = YES;
				CURRENT_PROJECT_VERSION = 1;
				DEVELOPMENT_ASSET_PATHS = "\"TDDPractice/Preview Content\"";
				DEVELOPMENT_TEAM = 3D23LKT3S5;
				ENABLE_HARDENED_RUNTIME = YES;
				ENABLE_PREVIEWS = YES;
				GENERATE_INFOPLIST_FILE = YES;
				INFOPLIST_KEY_NSHumanReadableCopyright = "";
				LD_RUNPATH_SEARCH_PATHS = (
					"$(inherited)",
					"@executable_path/../Frameworks",
				);
				MARKETING_VERSION = 1.0;
				PRODUCT_BUNDLE_IDENTIFIER = com.Monovo.TDDPractice;
				PRODUCT_NAME = "$(TARGET_NAME)";
				SWIFT_EMIT_LOC_STRINGS = YES;
				SWIFT_VERSION = 5.0;
			};
			name = Debug;
		};
		C3CAE66B28F7726000D6907B /* Release */ = {
			isa = XCBuildConfiguration;
			buildSettings = {
				ASSETCATALOG_COMPILER_APPICON_NAME = AppIcon;
				ASSETCATALOG_COMPILER_GLOBAL_ACCENT_COLOR_NAME = AccentColor;
				CODE_SIGN_ENTITLEMENTS = TDDPractice/TDDPractice.entitlements;
				CODE_SIGN_STYLE = Automatic;
				COMBINE_HIDPI_IMAGES = YES;
				CURRENT_PROJECT_VERSION = 1;
				DEVELOPMENT_ASSET_PATHS = "\"TDDPractice/Preview Content\"";
				DEVELOPMENT_TEAM = 3D23LKT3S5;
				ENABLE_HARDENED_RUNTIME = YES;
				ENABLE_PREVIEWS = YES;
				GENERATE_INFOPLIST_FILE = YES;
				INFOPLIST_KEY_NSHumanReadableCopyright = "";
				LD_RUNPATH_SEARCH_PATHS = (
					"$(inherited)",
					"@executable_path/../Frameworks",
				);
				MARKETING_VERSION = 1.0;
				PRODUCT_BUNDLE_IDENTIFIER = com.Monovo.TDDPractice;
				PRODUCT_NAME = "$(TARGET_NAME)";
				SWIFT_EMIT_LOC_STRINGS = YES;
				SWIFT_VERSION = 5.0;
			};
			name = Release;
		};
		C3CAE66D28F7726000D6907B /* Debug */ = {
			isa = XCBuildConfiguration;
			buildSettings = {
				ALWAYS_EMBED_SWIFT_STANDARD_LIBRARIES = YES;
				BUNDLE_LOADER = "$(TEST_HOST)";
				CODE_SIGN_STYLE = Automatic;
				CURRENT_PROJECT_VERSION = 1;
				DEVELOPMENT_TEAM = 3D23LKT3S5;
				GENERATE_INFOPLIST_FILE = YES;
				MACOSX_DEPLOYMENT_TARGET = 12.3;
				MARKETING_VERSION = 1.0;
				PRODUCT_BUNDLE_IDENTIFIER = com.Monovo.TDDPracticeTests;
				PRODUCT_NAME = "$(TARGET_NAME)";
				SWIFT_EMIT_LOC_STRINGS = NO;
				SWIFT_VERSION = 5.0;
				TEST_HOST = "$(BUILT_PRODUCTS_DIR)/TDDPractice.app/$(BUNDLE_EXECUTABLE_FOLDER_PATH)/TDDPractice";
			};
			name = Debug;
		};
		C3CAE66E28F7726000D6907B /* Release */ = {
			isa = XCBuildConfiguration;
			buildSettings = {
				ALWAYS_EMBED_SWIFT_STANDARD_LIBRARIES = YES;
				BUNDLE_LOADER = "$(TEST_HOST)";
				CODE_SIGN_STYLE = Automatic;
				CURRENT_PROJECT_VERSION = 1;
				DEVELOPMENT_TEAM = 3D23LKT3S5;
				GENERATE_INFOPLIST_FILE = YES;
				MACOSX_DEPLOYMENT_TARGET = 12.3;
				MARKETING_VERSION = 1.0;
				PRODUCT_BUNDLE_IDENTIFIER = com.Monovo.TDDPracticeTests;
				PRODUCT_NAME = "$(TARGET_NAME)";
				SWIFT_EMIT_LOC_STRINGS = NO;
				SWIFT_VERSION = 5.0;
				TEST_HOST = "$(BUILT_PRODUCTS_DIR)/TDDPractice.app/$(BUNDLE_EXECUTABLE_FOLDER_PATH)/TDDPractice";
			};
			name = Release;
		};
		C3CAE67028F7726000D6907B /* Debug */ = {
			isa = XCBuildConfiguration;
			buildSettings = {
				ALWAYS_EMBED_SWIFT_STANDARD_LIBRARIES = YES;
				CODE_SIGN_STYLE = Automatic;
				CURRENT_PROJECT_VERSION = 1;
				DEVELOPMENT_TEAM = 3D23LKT3S5;
				GENERATE_INFOPLIST_FILE = YES;
				MARKETING_VERSION = 1.0;
				PRODUCT_BUNDLE_IDENTIFIER = com.Monovo.TDDPracticeUITests;
				PRODUCT_NAME = "$(TARGET_NAME)";
				SWIFT_EMIT_LOC_STRINGS = NO;
				SWIFT_VERSION = 5.0;
				TEST_TARGET_NAME = TDDPractice;
			};
			name = Debug;
		};
		C3CAE67128F7726000D6907B /* Release */ = {
			isa = XCBuildConfiguration;
			buildSettings = {
				ALWAYS_EMBED_SWIFT_STANDARD_LIBRARIES = YES;
				CODE_SIGN_STYLE = Automatic;
				CURRENT_PROJECT_VERSION = 1;
				DEVELOPMENT_TEAM = 3D23LKT3S5;
				GENERATE_INFOPLIST_FILE = YES;
				MARKETING_VERSION = 1.0;
				PRODUCT_BUNDLE_IDENTIFIER = com.Monovo.TDDPracticeUITests;
				PRODUCT_NAME = "$(TARGET_NAME)";
				SWIFT_EMIT_LOC_STRINGS = NO;
				SWIFT_VERSION = 5.0;
				TEST_TARGET_NAME = TDDPractice;
			};
			name = Release;
		};
/* End XCBuildConfiguration section */

/* Begin XCConfigurationList section */
		C3CAE63F28F7725C00D6907B /* Build configuration list for PBXProject "TDDPractice" */ = {
			isa = XCConfigurationList;
			buildConfigurations = (
				C3CAE66728F7726000D6907B /* Debug */,
				C3CAE66828F7726000D6907B /* Release */,
			);
			defaultConfigurationIsVisible = 0;
			defaultConfigurationName = Release;
		};
		C3CAE66928F7726000D6907B /* Build configuration list for PBXNativeTarget "TDDPractice" */ = {
			isa = XCConfigurationList;
			buildConfigurations = (
				C3CAE66A28F7726000D6907B /* Debug */,
				C3CAE66B28F7726000D6907B /* Release */,
			);
			defaultConfigurationIsVisible = 0;
			defaultConfigurationName = Release;
		};
		C3CAE66C28F7726000D6907B /* Build configuration list for PBXNativeTarget "TDDPracticeTests" */ = {
			isa = XCConfigurationList;
			buildConfigurations = (
				C3CAE66D28F7726000D6907B /* Debug */,
				C3CAE66E28F7726000D6907B /* Release */,
			);
			defaultConfigurationIsVisible = 0;
			defaultConfigurationName = Release;
		};
		C3CAE66F28F7726000D6907B /* Build configuration list for PBXNativeTarget "TDDPracticeUITests" */ = {
			isa = XCConfigurationList;
			buildConfigurations = (
				C3CAE67028F7726000D6907B /* Debug */,
				C3CAE67128F7726000D6907B /* Release */,
			);
			defaultConfigurationIsVisible = 0;
			defaultConfigurationName = Release;
		};
/* End XCConfigurationList section */
	};
	rootObject = C3CAE63C28F7725C00D6907B /* Project object */;
}
